
Microsoft Visual Studio Solution File, Format Version 12.00
# Visual Studio Version 17
VisualStudioVersion = 17.13.35931.197
MinimumVisualStudioVersion = 10.0.40219.1
Project("{FAE04EC0-301F-11D3-BF4B-00C04F79EFBC}") = "www_Blush_Brush", "www_Blush_Brush.csproj", "{B1A77FCC-DECE-4626-B695-DF9A9CD50F45}"
EndProject
Global
	GlobalSection(SolutionConfigurationPlatforms) = preSolution
		Debug|Any CPU = Debug|Any CPU
		Release|Any CPU = Release|Any CPU
	EndGlobalSection
	GlobalSection(ProjectConfigurationPlatforms) = postSolution
		{B1A77FCC-DECE-4626-B695-DF9A9CD50F45}.Debug|Any CPU.ActiveCfg = Debug|Any CPU
		{B1A77FCC-DECE-4626-B695-DF9A9CD50F45}.Debug|Any CPU.Build.0 = Debug|Any CPU
		{B1A77FCC-DECE-4626-B695-DF9A9CD50F45}.Release|Any CPU.ActiveCfg = Release|Any CPU
		{B1A77FCC-DECE-4626-B695-DF9A9CD50F45}.Release|Any CPU.Build.0 = Release|Any CPU
	EndGlobalSection
	GlobalSection(SolutionProperties) = preSolution
		HideSolutionNode = FALSE
	EndGlobalSection
	GlobalSection(ExtensibilityGlobals) = postSolution
		SolutionGuid = {32EAD340-870C-4D30-BA8D-3F8D1DA9805A}
	EndGlobalSection
EndGlobal
